
Microsoft Visual Studio Solution File, Format Version 12.00
# Visual Studio 2013
VisualStudioVersion = 12.0.30723.0
MinimumVisualStudioVersion = 10.0.40219.1
Project("{FAE04EC0-301F-11D3-BF4B-00C04F79EFBC}") = "ReadBooksEasy.Domain", "ReadBooksEasy.Domain\ReadBooksEasy.Domain.csproj", "{6DE0EF98-6589-441B-AE66-A2B5C23B5CE2}"
EndProject
Project("{FAE04EC0-301F-11D3-BF4B-00C04F79EFBC}") = "ReadBooksEasy.UnitTests", "ReadBooksEasy.UnitTests\ReadBooksEasy.UnitTests.csproj", "{717A14EB-54ED-4934-8B0E-06A7B2BE700F}"
EndProject
Project("{FAE04EC0-301F-11D3-BF4B-00C04F79EFBC}") = "ReadBooksEasy.WebUI", "ReadBooksEasy.WebUI\ReadBooksEasy.WebUI.csproj", "{8B57E7AC-D1FC-46FE-8BD4-9016C442AC03}"
EndProject
Global
	GlobalSection(SolutionConfigurationPlatforms) = preSolution
		Debug|Any CPU = Debug|Any CPU
		Release|Any CPU = Release|Any CPU
	EndGlobalSection
	GlobalSection(ProjectConfigurationPlatforms) = postSolution
		{6DE0EF98-6589-441B-AE66-A2B5C23B5CE2}.Debug|Any CPU.ActiveCfg = Debug|Any CPU
		{6DE0EF98-6589-441B-AE66-A2B5C23B5CE2}.Debug|Any CPU.Build.0 = Debug|Any CPU
		{6DE0EF98-6589-441B-AE66-A2B5C23B5CE2}.Release|Any CPU.ActiveCfg = Release|Any CPU
		{6DE0EF98-6589-441B-AE66-A2B5C23B5CE2}.Release|Any CPU.Build.0 = Release|Any CPU
		{717A14EB-54ED-4934-8B0E-06A7B2BE700F}.Debug|Any CPU.ActiveCfg = Debug|Any CPU
		{717A14EB-54ED-4934-8B0E-06A7B2BE700F}.Debug|Any CPU.Build.0 = Debug|Any CPU
		{717A14EB-54ED-4934-8B0E-06A7B2BE700F}.Release|Any CPU.ActiveCfg = Release|Any CPU
		{717A14EB-54ED-4934-8B0E-06A7B2BE700F}.Release|Any CPU.Build.0 = Release|Any CPU
		{8B57E7AC-D1FC-46FE-8BD4-9016C442AC03}.Debug|Any CPU.ActiveCfg = Debug|Any CPU
		{8B57E7AC-D1FC-46FE-8BD4-9016C442AC03}.Debug|Any CPU.Build.0 = Debug|Any CPU
		{8B57E7AC-D1FC-46FE-8BD4-9016C442AC03}.Release|Any CPU.ActiveCfg = Release|Any CPU
		{8B57E7AC-D1FC-46FE-8BD4-9016C442AC03}.Release|Any CPU.Build.0 = Release|Any CPU
	EndGlobalSection
	GlobalSection(SolutionProperties) = preSolution
		HideSolutionNode = FALSE
	EndGlobalSection
EndGlobal
